
Microsoft Visual Studio Solution File, Format Version 12.00
# Visual Studio Version 16
VisualStudioVersion = 16.0.31605.320
MinimumVisualStudioVersion = 10.0.40219.1
Project("{FAE04EC0-301F-11D3-BF4B-00C04F79EFBC}") = "Assignment7-1_Chat", "Assignment7-1_Chat\Assignment7-1_Chat.csproj", "{77F2FB6A-D286-48D0-A729-94AAD1017EF4}"
EndProject
Global
	GlobalSection(SolutionConfigurationPlatforms) = preSolution
		Debug|Any CPU = Debug|Any CPU
		Release|Any CPU = Release|Any CPU
	EndGlobalSection
	GlobalSection(ProjectConfigurationPlatforms) = postSolution
		{77F2FB6A-D286-48D0-A729-94AAD1017EF4}.Debug|Any CPU.ActiveCfg = Debug|Any CPU
		{77F2FB6A-D286-48D0-A729-94AAD1017EF4}.Debug|Any CPU.Build.0 = Debug|Any CPU
		{77F2FB6A-D286-48D0-A729-94AAD1017EF4}.Release|Any CPU.ActiveCfg = Release|Any CPU
		{77F2FB6A-D286-48D0-A729-94AAD1017EF4}.Release|Any CPU.Build.0 = Release|Any CPU
	EndGlobalSection
	GlobalSection(SolutionProperties) = preSolution
		HideSolutionNode = FALSE
	EndGlobalSection
	GlobalSection(ExtensibilityGlobals) = postSolution
		SolutionGuid = {57CB3581-2AC9-4702-A7BD-046C62C2A9F9}
	EndGlobalSection
EndGlobal
